
Microsoft Visual Studio Solution File, Format Version 12.00
# Visual Studio Version 17
VisualStudioVersion = 17.6.33815.320
MinimumVisualStudioVersion = 10.0.40219.1
Project("{9A19103F-16F7-4668-BE54-9A1E7A4F7556}") = "BusinessLogicLayer", "BusinessLogicLayer\BusinessLogicLayer.csproj", "{0D11299D-A1CA-48F8-96C2-FA886CC9CE6F}"
EndProject
Project("{9A19103F-16F7-4668-BE54-9A1E7A4F7556}") = "DataAccessLayer", "DataAccessLayer\DataAccessLayer.csproj", "{A4DCC322-3C2C-4F84-85A7-C3A32985CF20}"
EndProject
Project("{9A19103F-16F7-4668-BE54-9A1E7A4F7556}") = "CommonDataLayer", "CommonDataLayer\CommonDataLayer.csproj", "{CE29065B-10F6-44BC-AB93-8C7A1385C48E}"
EndProject
Project("{9A19103F-16F7-4668-BE54-9A1E7A4F7556}") = "HotelManagement", "HotelManagement\HotelManagement.csproj", "{A150998F-B6FC-4A67-A777-89D5450268D1}"
EndProject
Global
	GlobalSection(SolutionConfigurationPlatforms) = preSolution
		Debug|Any CPU = Debug|Any CPU
		Release|Any CPU = Release|Any CPU
	EndGlobalSection
	GlobalSection(ProjectConfigurationPlatforms) = postSolution
		{0D11299D-A1CA-48F8-96C2-FA886CC9CE6F}.Debug|Any CPU.ActiveCfg = Debug|Any CPU
		{0D11299D-A1CA-48F8-96C2-FA886CC9CE6F}.Debug|Any CPU.Build.0 = Debug|Any CPU
		{0D11299D-A1CA-48F8-96C2-FA886CC9CE6F}.Release|Any CPU.ActiveCfg = Release|Any CPU
		{0D11299D-A1CA-48F8-96C2-FA886CC9CE6F}.Release|Any CPU.Build.0 = Release|Any CPU
		{A4DCC322-3C2C-4F84-85A7-C3A32985CF20}.Debug|Any CPU.ActiveCfg = Debug|Any CPU
		{A4DCC322-3C2C-4F84-85A7-C3A32985CF20}.Debug|Any CPU.Build.0 = Debug|Any CPU
		{A4DCC322-3C2C-4F84-85A7-C3A32985CF20}.Release|Any CPU.ActiveCfg = Release|Any CPU
		{A4DCC322-3C2C-4F84-85A7-C3A32985CF20}.Release|Any CPU.Build.0 = Release|Any CPU
		{CE29065B-10F6-44BC-AB93-8C7A1385C48E}.Debug|Any CPU.ActiveCfg = Debug|Any CPU
		{CE29065B-10F6-44BC-AB93-8C7A1385C48E}.Debug|Any CPU.Build.0 = Debug|Any CPU
		{CE29065B-10F6-44BC-AB93-8C7A1385C48E}.Release|Any CPU.ActiveCfg = Release|Any CPU
		{CE29065B-10F6-44BC-AB93-8C7A1385C48E}.Release|Any CPU.Build.0 = Release|Any CPU
		{A150998F-B6FC-4A67-A777-89D5450268D1}.Debug|Any CPU.ActiveCfg = Debug|Any CPU
		{A150998F-B6FC-4A67-A777-89D5450268D1}.Debug|Any CPU.Build.0 = Debug|Any CPU
		{A150998F-B6FC-4A67-A777-89D5450268D1}.Release|Any CPU.ActiveCfg = Release|Any CPU
		{A150998F-B6FC-4A67-A777-89D5450268D1}.Release|Any CPU.Build.0 = Release|Any CPU
	EndGlobalSection
	GlobalSection(SolutionProperties) = preSolution
		HideSolutionNode = FALSE
	EndGlobalSection
	GlobalSection(ExtensibilityGlobals) = postSolution
		SolutionGuid = {5F2B1D44-30F2-476B-ACF9-B39026C98507}
	EndGlobalSection
EndGlobal
